
Microsoft Visual Studio Solution File, Format Version 12.00
# Visual Studio Version 17
VisualStudioVersion = 17.8.34322.80
MinimumVisualStudioVersion = 10.0.40219.1
Project("{FAE04EC0-301F-11D3-BF4B-00C04F79EFBC}") = "TodoMinimal", "TodoMinimal\TodoMinimal.csproj", "{7E24C759-8076-4856-B444-C768A1AD3D1F}"
EndProject
Global
	GlobalSection(SolutionConfigurationPlatforms) = preSolution
		Debug|Any CPU = Debug|Any CPU
		Release|Any CPU = Release|Any CPU
	EndGlobalSection
	GlobalSection(ProjectConfigurationPlatforms) = postSolution
		{7E24C759-8076-4856-B444-C768A1AD3D1F}.Debug|Any CPU.ActiveCfg = Debug|Any CPU
		{7E24C759-8076-4856-B444-C768A1AD3D1F}.Debug|Any CPU.Build.0 = Debug|Any CPU
		{7E24C759-8076-4856-B444-C768A1AD3D1F}.Release|Any CPU.ActiveCfg = Release|Any CPU
		{7E24C759-8076-4856-B444-C768A1AD3D1F}.Release|Any CPU.Build.0 = Release|Any CPU
	EndGlobalSection
	GlobalSection(SolutionProperties) = preSolution
		HideSolutionNode = FALSE
	EndGlobalSection
	GlobalSection(ExtensibilityGlobals) = postSolution
		SolutionGuid = {E1D09ECF-8D0C-4147-8041-6C0D314EC54E}
	EndGlobalSection
EndGlobal
